
Microsoft Visual Studio Solution File, Format Version 12.00
# Visual Studio Version 17
VisualStudioVersion = 17.4.33403.182
MinimumVisualStudioVersion = 10.0.40219.1
Project("{FAE04EC0-301F-11D3-BF4B-00C04F79EFBC}") = "WindowsService1", "WindowsService1.csproj", "{8C17BB04-E055-4781-BC6C-9E74EEEB0049}"
EndProject
Global
	GlobalSection(SolutionConfigurationPlatforms) = preSolution
		Debug|Any CPU = Debug|Any CPU
		Release|Any CPU = Release|Any CPU
	EndGlobalSection
	GlobalSection(ProjectConfigurationPlatforms) = postSolution
		{8C17BB04-E055-4781-BC6C-9E74EEEB0049}.Debug|Any CPU.ActiveCfg = Debug|Any CPU
		{8C17BB04-E055-4781-BC6C-9E74EEEB0049}.Debug|Any CPU.Build.0 = Debug|Any CPU
		{8C17BB04-E055-4781-BC6C-9E74EEEB0049}.Release|Any CPU.ActiveCfg = Release|Any CPU
		{8C17BB04-E055-4781-BC6C-9E74EEEB0049}.Release|Any CPU.Build.0 = Release|Any CPU
	EndGlobalSection
	GlobalSection(SolutionProperties) = preSolution
		HideSolutionNode = FALSE
	EndGlobalSection
	GlobalSection(ExtensibilityGlobals) = postSolution
		SolutionGuid = {E1928913-BCDA-46C5-B406-8BB63D5311FE}
	EndGlobalSection
EndGlobal
